
Microsoft Visual Studio Solution File, Format Version 12.00
# Visual Studio Version 16
VisualStudioVersion = 16.0.30621.155
MinimumVisualStudioVersion = 10.0.40219.1
Project("{9A19103F-16F7-4668-BE54-9A1E7A4F7556}") = "Buddy.API", "Buddy.API\Buddy.API.csproj", "{64A945C9-1EF1-40F9-9D1F-6C2963D097FD}"
EndProject
Project("{FAE04EC0-301F-11D3-BF4B-00C04F79EFBC}") = "Buddy.Utilities", "Buddy.Utilities\Buddy.Utilities.csproj", "{0CB86C0C-E2EB-4819-89F2-980672A6CE0C}"
EndProject
Project("{FAE04EC0-301F-11D3-BF4B-00C04F79EFBC}") = "Archive.HotDocs", "Archive.HotDocs\Archive.HotDocs.csproj", "{DCEBBD3B-31CB-41C4-BB55-36DFD3A0E589}"
EndProject
Project("{FAE04EC0-301F-11D3-BF4B-00C04F79EFBC}") = "Demo.ActiveDirectory", "Demo.ActiveDirectory\Demo.ActiveDirectory.csproj", "{6659A90E-E566-4F27-BD49-51987BC82135}"
EndProject
Project("{FAE04EC0-301F-11D3-BF4B-00C04F79EFBC}") = "Demo.ConfigEncryption", "Demo.ConfigEncryption\Demo.ConfigEncryption.csproj", "{A150A7FE-7A1F-42F5-87F1-1FEF9D71FE67}"
EndProject
Project("{FAE04EC0-301F-11D3-BF4B-00C04F79EFBC}") = "Demo.ConnectOracle10G", "Demo.ConnectOracle10G\Demo.ConnectOracle10G.csproj", "{386D2113-3373-4176-8941-948349D89747}"
EndProject
Project("{FAE04EC0-301F-11D3-BF4B-00C04F79EFBC}") = "Demo.DesignPatterns", "Demo.DesignPatterns\Demo.DesignPatterns.csproj", "{C051EF7B-65F7-4075-A10A-9B29B613BF54}"
EndProject
Project("{FAE04EC0-301F-11D3-BF4B-00C04F79EFBC}") = "Demo.FileWatcher", "Demo.FileWatcher\Demo.FileWatcher.csproj", "{172A36F1-6C62-4AA5-B14B-D47A96B09F03}"
EndProject
Project("{FAE04EC0-301F-11D3-BF4B-00C04F79EFBC}") = "Demo.Multithreading", "Demo.Multithreading\Demo.Multithreading.csproj", "{8F6381E2-B065-4063-8748-1DA44C2BC8C0}"
EndProject
Project("{FAE04EC0-301F-11D3-BF4B-00C04F79EFBC}") = "Demo.MQClient", "Demo.MQClient\Demo.MQClient.csproj", "{E2855058-70DB-49FF-8E77-8214300421D7}"
EndProject
Project("{FAE04EC0-301F-11D3-BF4B-00C04F79EFBC}") = "Demo.SMSGateway", "Demo.SMSGateway\Demo.SMSGateway.csproj", "{303CB5A6-084D-4B37-B105-4E90F661362D}"
EndProject
Project("{FAE04EC0-301F-11D3-BF4B-00C04F79EFBC}") = "Demo.XSLT", "Demo.XSLT\Demo.XSLT.csproj", "{DEC6591C-847C-430E-BB16-86F6FFDC6565}"
EndProject
Project("{2150E333-8FDC-42A3-9474-1A3956D46DE8}") = "App", "App", "{F8B4BEC0-608D-4C99-BFB8-AB640D83BAD0}"
EndProject
Project("{2150E333-8FDC-42A3-9474-1A3956D46DE8}") = "Demo", "Demo", "{8D074988-C253-4685-98D8-7996403C20F1}"
EndProject
Project("{2150E333-8FDC-42A3-9474-1A3956D46DE8}") = "Archive", "Archive", "{C0940987-2CEB-4F29-B4FF-D4AD36B9B75E}"
EndProject
Project("{2150E333-8FDC-42A3-9474-1A3956D46DE8}") = "Buddy", "Buddy", "{8ACF5852-DE42-421D-82F0-ED820FA409F3}"
EndProject
Project("{FAE04EC0-301F-11D3-BF4B-00C04F79EFBC}") = "Temp.TestCodeWeb", "Temp.TestCodeWeb\Temp.TestCodeWeb.csproj", "{2B49D628-AE9F-4A6D-B4FF-65B02EFC5B00}"
EndProject
Project("{00D1A9C2-B5F0-4AF3-8072-F6C62B433612}") = "App.DBObjects", "App.DBObjects\App.DBObjects.sqlproj", "{28D85706-AF54-47DD-98A9-A6B3597DDB98}"
EndProject
Project("{FAE04EC0-301F-11D3-BF4B-00C04F79EFBC}") = "Demo.GetFolderFileNames", "Demo.GetFolderFileNames\Demo.GetFolderFileNames.csproj", "{B9A50027-6DE2-44DF-A5AD-D17BE117B11F}"
EndProject
Project("{9A19103F-16F7-4668-BE54-9A1E7A4F7556}") = "App.Data", "App.Data\App.Data\App.Data.csproj", "{118F9FFC-CFC5-40AC-9219-2E3321189ECE}"
EndProject
Project("{9A19103F-16F7-4668-BE54-9A1E7A4F7556}") = "App.Business", "App.Business\App.Business\App.Business.csproj", "{C52AE845-A90A-4539-9DE1-1C8DECC4BEB3}"
EndProject
Project("{9A19103F-16F7-4668-BE54-9A1E7A4F7556}") = "App.Contracts", "App.Contracts\App.Contracts\App.Contracts.csproj", "{535C23B3-15CD-4AD4-A969-3DC064F3BC96}"
EndProject
Project("{9A19103F-16F7-4668-BE54-9A1E7A4F7556}") = "Temp.TestCode", "Temp.TestCode\Temp.TestCode\Temp.TestCode.csproj", "{B28C85BB-3D4B-49AC-AB4B-65DB174CC7F7}"
EndProject
Project("{2150E333-8FDC-42A3-9474-1A3956D46DE8}") = "Solution Items", "Solution Items", "{67980590-BFD3-4AAD-AA28-32F55A443C68}"
	ProjectSection(SolutionItems) = preProject
		.editorconfig = .editorconfig
	EndProjectSection
EndProject
Project("{F14B399A-7131-4C87-9E4B-1186C45EF12D}") = "Demo.SSRS", "Demo.SSRS\Demo.SSRS.rptproj", "{BFFD35B7-6690-4403-854F-FB9649526E47}"
EndProject
Project("{FAE04EC0-301F-11D3-BF4B-00C04F79EFBC}") = "Demo.Algorithms", "Demo.Algorithms\Demo.Algorithms.csproj", "{2295FEDA-65EE-4DEB-B0C3-B718B54C872D}"
EndProject
Global
	GlobalSection(SolutionConfigurationPlatforms) = preSolution
		Debug|Any CPU = Debug|Any CPU
		DebugLocal|Any CPU = DebugLocal|Any CPU
		Release|Any CPU = Release|Any CPU
	EndGlobalSection
	GlobalSection(ProjectConfigurationPlatforms) = postSolution
		{64A945C9-1EF1-40F9-9D1F-6C2963D097FD}.Debug|Any CPU.ActiveCfg = Debug|Any CPU
		{64A945C9-1EF1-40F9-9D1F-6C2963D097FD}.Debug|Any CPU.Build.0 = Debug|Any CPU
		{64A945C9-1EF1-40F9-9D1F-6C2963D097FD}.DebugLocal|Any CPU.ActiveCfg = Debug|Any CPU
		{64A945C9-1EF1-40F9-9D1F-6C2963D097FD}.DebugLocal|Any CPU.Build.0 = Debug|Any CPU
		{64A945C9-1EF1-40F9-9D1F-6C2963D097FD}.Release|Any CPU.ActiveCfg = Release|Any CPU
		{64A945C9-1EF1-40F9-9D1F-6C2963D097FD}.Release|Any CPU.Build.0 = Release|Any CPU
		{0CB86C0C-E2EB-4819-89F2-980672A6CE0C}.Debug|Any CPU.ActiveCfg = Debug|Any CPU
		{0CB86C0C-E2EB-4819-89F2-980672A6CE0C}.Debug|Any CPU.Build.0 = Debug|Any CPU
		{0CB86C0C-E2EB-4819-89F2-980672A6CE0C}.DebugLocal|Any CPU.ActiveCfg = Debug|Any CPU
		{0CB86C0C-E2EB-4819-89F2-980672A6CE0C}.DebugLocal|Any CPU.Build.0 = Debug|Any CPU
		{0CB86C0C-E2EB-4819-89F2-980672A6CE0C}.Release|Any CPU.ActiveCfg = Release|Any CPU
		{0CB86C0C-E2EB-4819-89F2-980672A6CE0C}.Release|Any CPU.Build.0 = Release|Any CPU
		{DCEBBD3B-31CB-41C4-BB55-36DFD3A0E589}.Debug|Any CPU.ActiveCfg = Debug|Any CPU
		{DCEBBD3B-31CB-41C4-BB55-36DFD3A0E589}.Debug|Any CPU.Build.0 = Debug|Any CPU
		{DCEBBD3B-31CB-41C4-BB55-36DFD3A0E589}.DebugLocal|Any CPU.ActiveCfg = Debug|Any CPU
		{DCEBBD3B-31CB-41C4-BB55-36DFD3A0E589}.DebugLocal|Any CPU.Build.0 = Debug|Any CPU
		{DCEBBD3B-31CB-41C4-BB55-36DFD3A0E589}.Release|Any CPU.ActiveCfg = Release|Any CPU
		{DCEBBD3B-31CB-41C4-BB55-36DFD3A0E589}.Release|Any CPU.Build.0 = Release|Any CPU
		{6659A90E-E566-4F27-BD49-51987BC82135}.Debug|Any CPU.ActiveCfg = Debug|Any CPU
		{6659A90E-E566-4F27-BD49-51987BC82135}.Debug|Any CPU.Build.0 = Debug|Any CPU
		{6659A90E-E566-4F27-BD49-51987BC82135}.DebugLocal|Any CPU.ActiveCfg = Debug|Any CPU
		{6659A90E-E566-4F27-BD49-51987BC82135}.DebugLocal|Any CPU.Build.0 = Debug|Any CPU
		{6659A90E-E566-4F27-BD49-51987BC82135}.Release|Any CPU.ActiveCfg = Release|Any CPU
		{6659A90E-E566-4F27-BD49-51987BC82135}.Release|Any CPU.Build.0 = Release|Any CPU
		{A150A7FE-7A1F-42F5-87F1-1FEF9D71FE67}.Debug|Any CPU.ActiveCfg = Debug|Any CPU
		{A150A7FE-7A1F-42F5-87F1-1FEF9D71FE67}.Debug|Any CPU.Build.0 = Debug|Any CPU
		{A150A7FE-7A1F-42F5-87F1-1FEF9D71FE67}.DebugLocal|Any CPU.ActiveCfg = Debug|Any CPU
		{A150A7FE-7A1F-42F5-87F1-1FEF9D71FE67}.DebugLocal|Any CPU.Build.0 = Debug|Any CPU
		{A150A7FE-7A1F-42F5-87F1-1FEF9D71FE67}.Release|Any CPU.ActiveCfg = Release|Any CPU
		{A150A7FE-7A1F-42F5-87F1-1FEF9D71FE67}.Release|Any CPU.Build.0 = Release|Any CPU
		{386D2113-3373-4176-8941-948349D89747}.Debug|Any CPU.ActiveCfg = Debug|Any CPU
		{386D2113-3373-4176-8941-948349D89747}.Debug|Any CPU.Build.0 = Debug|Any CPU
		{386D2113-3373-4176-8941-948349D89747}.DebugLocal|Any CPU.ActiveCfg = Debug|Any CPU
		{386D2113-3373-4176-8941-948349D89747}.DebugLocal|Any CPU.Build.0 = Debug|Any CPU
		{386D2113-3373-4176-8941-948349D89747}.Release|Any CPU.ActiveCfg = Release|Any CPU
		{386D2113-3373-4176-8941-948349D89747}.Release|Any CPU.Build.0 = Release|Any CPU
		{C051EF7B-65F7-4075-A10A-9B29B613BF54}.Debug|Any CPU.ActiveCfg = Debug|Any CPU
		{C051EF7B-65F7-4075-A10A-9B29B613BF54}.Debug|Any CPU.Build.0 = Debug|Any CPU
		{C051EF7B-65F7-4075-A10A-9B29B613BF54}.DebugLocal|Any CPU.ActiveCfg = Debug|Any CPU
		{C051EF7B-65F7-4075-A10A-9B29B613BF54}.DebugLocal|Any CPU.Build.0 = Debug|Any CPU
		{C051EF7B-65F7-4075-A10A-9B29B613BF54}.Release|Any CPU.ActiveCfg = Release|Any CPU
		{C051EF7B-65F7-4075-A10A-9B29B613BF54}.Release|Any CPU.Build.0 = Release|Any CPU
		{172A36F1-6C62-4AA5-B14B-D47A96B09F03}.Debug|Any CPU.ActiveCfg = Debug|Any CPU
		{172A36F1-6C62-4AA5-B14B-D47A96B09F03}.Debug|Any CPU.Build.0 = Debug|Any CPU
		{172A36F1-6C62-4AA5-B14B-D47A96B09F03}.DebugLocal|Any CPU.ActiveCfg = Debug|Any CPU
		{172A36F1-6C62-4AA5-B14B-D47A96B09F03}.DebugLocal|Any CPU.Build.0 = Debug|Any CPU
		{172A36F1-6C62-4AA5-B14B-D47A96B09F03}.Release|Any CPU.ActiveCfg = Release|Any CPU
		{172A36F1-6C62-4AA5-B14B-D47A96B09F03}.Release|Any CPU.Build.0 = Release|Any CPU
		{8F6381E2-B065-4063-8748-1DA44C2BC8C0}.Debug|Any CPU.ActiveCfg = Debug|Any CPU
		{8F6381E2-B065-4063-8748-1DA44C2BC8C0}.Debug|Any CPU.Build.0 = Debug|Any CPU
		{8F6381E2-B065-4063-8748-1DA44C2BC8C0}.DebugLocal|Any CPU.ActiveCfg = Debug|Any CPU
		{8F6381E2-B065-4063-8748-1DA44C2BC8C0}.DebugLocal|Any CPU.Build.0 = Debug|Any CPU
		{8F6381E2-B065-4063-8748-1DA44C2BC8C0}.Release|Any CPU.ActiveCfg = Release|Any CPU
		{8F6381E2-B065-4063-8748-1DA44C2BC8C0}.Release|Any CPU.Build.0 = Release|Any CPU
		{E2855058-70DB-49FF-8E77-8214300421D7}.Debug|Any CPU.ActiveCfg = Debug|Any CPU
		{E2855058-70DB-49FF-8E77-8214300421D7}.Debug|Any CPU.Build.0 = Debug|Any CPU
		{E2855058-70DB-49FF-8E77-8214300421D7}.DebugLocal|Any CPU.ActiveCfg = Debug|Any CPU
		{E2855058-70DB-49FF-8E77-8214300421D7}.DebugLocal|Any CPU.Build.0 = Debug|Any CPU
		{E2855058-70DB-49FF-8E77-8214300421D7}.Release|Any CPU.ActiveCfg = Release|Any CPU
		{E2855058-70DB-49FF-8E77-8214300421D7}.Release|Any CPU.Build.0 = Release|Any CPU
		{303CB5A6-084D-4B37-B105-4E90F661362D}.Debug|Any CPU.ActiveCfg = Debug|Any CPU
		{303CB5A6-084D-4B37-B105-4E90F661362D}.Debug|Any CPU.Build.0 = Debug|Any CPU
		{303CB5A6-084D-4B37-B105-4E90F661362D}.DebugLocal|Any CPU.ActiveCfg = Debug|Any CPU
		{303CB5A6-084D-4B37-B105-4E90F661362D}.DebugLocal|Any CPU.Build.0 = Debug|Any CPU
		{303CB5A6-084D-4B37-B105-4E90F661362D}.Release|Any CPU.ActiveCfg = Release|Any CPU
		{303CB5A6-084D-4B37-B105-4E90F661362D}.Release|Any CPU.Build.0 = Release|Any CPU
		{DEC6591C-847C-430E-BB16-86F6FFDC6565}.Debug|Any CPU.ActiveCfg = Debug|Any CPU
		{DEC6591C-847C-430E-BB16-86F6FFDC6565}.Debug|Any CPU.Build.0 = Debug|Any CPU
		{DEC6591C-847C-430E-BB16-86F6FFDC6565}.DebugLocal|Any CPU.ActiveCfg = Debug|Any CPU
		{DEC6591C-847C-430E-BB16-86F6FFDC6565}.DebugLocal|Any CPU.Build.0 = Debug|Any CPU
		{DEC6591C-847C-430E-BB16-86F6FFDC6565}.Release|Any CPU.ActiveCfg = Release|Any CPU
		{DEC6591C-847C-430E-BB16-86F6FFDC6565}.Release|Any CPU.Build.0 = Release|Any CPU
		{2B49D628-AE9F-4A6D-B4FF-65B02EFC5B00}.Debug|Any CPU.ActiveCfg = Debug|Any CPU
		{2B49D628-AE9F-4A6D-B4FF-65B02EFC5B00}.Debug|Any CPU.Build.0 = Debug|Any CPU
		{2B49D628-AE9F-4A6D-B4FF-65B02EFC5B00}.DebugLocal|Any CPU.ActiveCfg = Debug|Any CPU
		{2B49D628-AE9F-4A6D-B4FF-65B02EFC5B00}.DebugLocal|Any CPU.Build.0 = Debug|Any CPU
		{2B49D628-AE9F-4A6D-B4FF-65B02EFC5B00}.Release|Any CPU.ActiveCfg = Release|Any CPU
		{2B49D628-AE9F-4A6D-B4FF-65B02EFC5B00}.Release|Any CPU.Build.0 = Release|Any CPU
		{28D85706-AF54-47DD-98A9-A6B3597DDB98}.Debug|Any CPU.ActiveCfg = Debug|Any CPU
		{28D85706-AF54-47DD-98A9-A6B3597DDB98}.Debug|Any CPU.Build.0 = Debug|Any CPU
		{28D85706-AF54-47DD-98A9-A6B3597DDB98}.Debug|Any CPU.Deploy.0 = Debug|Any CPU
		{28D85706-AF54-47DD-98A9-A6B3597DDB98}.DebugLocal|Any CPU.ActiveCfg = Debug|Any CPU
		{28D85706-AF54-47DD-98A9-A6B3597DDB98}.DebugLocal|Any CPU.Build.0 = Debug|Any CPU
		{28D85706-AF54-47DD-98A9-A6B3597DDB98}.DebugLocal|Any CPU.Deploy.0 = Debug|Any CPU
		{28D85706-AF54-47DD-98A9-A6B3597DDB98}.Release|Any CPU.ActiveCfg = Release|Any CPU
		{28D85706-AF54-47DD-98A9-A6B3597DDB98}.Release|Any CPU.Build.0 = Release|Any CPU
		{28D85706-AF54-47DD-98A9-A6B3597DDB98}.Release|Any CPU.Deploy.0 = Release|Any CPU
		{B9A50027-6DE2-44DF-A5AD-D17BE117B11F}.Debug|Any CPU.ActiveCfg = Debug|Any CPU
		{B9A50027-6DE2-44DF-A5AD-D17BE117B11F}.Debug|Any CPU.Build.0 = Debug|Any CPU
		{B9A50027-6DE2-44DF-A5AD-D17BE117B11F}.DebugLocal|Any CPU.ActiveCfg = Debug|Any CPU
		{B9A50027-6DE2-44DF-A5AD-D17BE117B11F}.DebugLocal|Any CPU.Build.0 = Debug|Any CPU
		{B9A50027-6DE2-44DF-A5AD-D17BE117B11F}.Release|Any CPU.ActiveCfg = Release|Any CPU
		{B9A50027-6DE2-44DF-A5AD-D17BE117B11F}.Release|Any CPU.Build.0 = Release|Any CPU
		{118F9FFC-CFC5-40AC-9219-2E3321189ECE}.Debug|Any CPU.ActiveCfg = Debug|Any CPU
		{118F9FFC-CFC5-40AC-9219-2E3321189ECE}.Debug|Any CPU.Build.0 = Debug|Any CPU
		{118F9FFC-CFC5-40AC-9219-2E3321189ECE}.DebugLocal|Any CPU.ActiveCfg = Debug|Any CPU
		{118F9FFC-CFC5-40AC-9219-2E3321189ECE}.DebugLocal|Any CPU.Build.0 = Debug|Any CPU
		{118F9FFC-CFC5-40AC-9219-2E3321189ECE}.Release|Any CPU.ActiveCfg = Release|Any CPU
		{118F9FFC-CFC5-40AC-9219-2E3321189ECE}.Release|Any CPU.Build.0 = Release|Any CPU
		{C52AE845-A90A-4539-9DE1-1C8DECC4BEB3}.Debug|Any CPU.ActiveCfg = Debug|Any CPU
		{C52AE845-A90A-4539-9DE1-1C8DECC4BEB3}.Debug|Any CPU.Build.0 = Debug|Any CPU
		{C52AE845-A90A-4539-9DE1-1C8DECC4BEB3}.DebugLocal|Any CPU.ActiveCfg = Debug|Any CPU
		{C52AE845-A90A-4539-9DE1-1C8DECC4BEB3}.DebugLocal|Any CPU.Build.0 = Debug|Any CPU
		{C52AE845-A90A-4539-9DE1-1C8DECC4BEB3}.Release|Any CPU.ActiveCfg = Release|Any CPU
		{C52AE845-A90A-4539-9DE1-1C8DECC4BEB3}.Release|Any CPU.Build.0 = Release|Any CPU
		{535C23B3-15CD-4AD4-A969-3DC064F3BC96}.Debug|Any CPU.ActiveCfg = Debug|Any CPU
		{535C23B3-15CD-4AD4-A969-3DC064F3BC96}.Debug|Any CPU.Build.0 = Debug|Any CPU
		{535C23B3-15CD-4AD4-A969-3DC064F3BC96}.DebugLocal|Any CPU.ActiveCfg = Debug|Any CPU
		{535C23B3-15CD-4AD4-A969-3DC064F3BC96}.DebugLocal|Any CPU.Build.0 = Debug|Any CPU
		{535C23B3-15CD-4AD4-A969-3DC064F3BC96}.Release|Any CPU.ActiveCfg = Release|Any CPU
		{535C23B3-15CD-4AD4-A969-3DC064F3BC96}.Release|Any CPU.Build.0 = Release|Any CPU
		{B28C85BB-3D4B-49AC-AB4B-65DB174CC7F7}.Debug|Any CPU.ActiveCfg = Debug|Any CPU
		{B28C85BB-3D4B-49AC-AB4B-65DB174CC7F7}.Debug|Any CPU.Build.0 = Debug|Any CPU
		{B28C85BB-3D4B-49AC-AB4B-65DB174CC7F7}.DebugLocal|Any CPU.ActiveCfg = Debug|Any CPU
		{B28C85BB-3D4B-49AC-AB4B-65DB174CC7F7}.DebugLocal|Any CPU.Build.0 = Debug|Any CPU
		{B28C85BB-3D4B-49AC-AB4B-65DB174CC7F7}.Release|Any CPU.ActiveCfg = Release|Any CPU
		{B28C85BB-3D4B-49AC-AB4B-65DB174CC7F7}.Release|Any CPU.Build.0 = Release|Any CPU
		{BFFD35B7-6690-4403-854F-FB9649526E47}.Debug|Any CPU.ActiveCfg = Debug
		{BFFD35B7-6690-4403-854F-FB9649526E47}.Debug|Any CPU.Build.0 = Debug
		{BFFD35B7-6690-4403-854F-FB9649526E47}.Debug|Any CPU.Deploy.0 = Debug
		{BFFD35B7-6690-4403-854F-FB9649526E47}.DebugLocal|Any CPU.ActiveCfg = DebugLocal
		{BFFD35B7-6690-4403-854F-FB9649526E47}.DebugLocal|Any CPU.Build.0 = DebugLocal
		{BFFD35B7-6690-4403-854F-FB9649526E47}.Release|Any CPU.ActiveCfg = Release
		{BFFD35B7-6690-4403-854F-FB9649526E47}.Release|Any CPU.Build.0 = Release
		{BFFD35B7-6690-4403-854F-FB9649526E47}.Release|Any CPU.Deploy.0 = Release
		{2295FEDA-65EE-4DEB-B0C3-B718B54C872D}.Debug|Any CPU.ActiveCfg = Debug|Any CPU
		{2295FEDA-65EE-4DEB-B0C3-B718B54C872D}.Debug|Any CPU.Build.0 = Debug|Any CPU
		{2295FEDA-65EE-4DEB-B0C3-B718B54C872D}.DebugLocal|Any CPU.ActiveCfg = Debug|Any CPU
		{2295FEDA-65EE-4DEB-B0C3-B718B54C872D}.DebugLocal|Any CPU.Build.0 = Debug|Any CPU
		{2295FEDA-65EE-4DEB-B0C3-B718B54C872D}.Release|Any CPU.ActiveCfg = Release|Any CPU
		{2295FEDA-65EE-4DEB-B0C3-B718B54C872D}.Release|Any CPU.Build.0 = Release|Any CPU
	EndGlobalSection
	GlobalSection(SolutionProperties) = preSolution
		HideSolutionNode = FALSE
	EndGlobalSection
	GlobalSection(NestedProjects) = preSolution
		{64A945C9-1EF1-40F9-9D1F-6C2963D097FD} = {8ACF5852-DE42-421D-82F0-ED820FA409F3}
		{0CB86C0C-E2EB-4819-89F2-980672A6CE0C} = {8ACF5852-DE42-421D-82F0-ED820FA409F3}
		{DCEBBD3B-31CB-41C4-BB55-36DFD3A0E589} = {C0940987-2CEB-4F29-B4FF-D4AD36B9B75E}
		{6659A90E-E566-4F27-BD49-51987BC82135} = {8D074988-C253-4685-98D8-7996403C20F1}
		{A150A7FE-7A1F-42F5-87F1-1FEF9D71FE67} = {8D074988-C253-4685-98D8-7996403C20F1}
		{386D2113-3373-4176-8941-948349D89747} = {8D074988-C253-4685-98D8-7996403C20F1}
		{C051EF7B-65F7-4075-A10A-9B29B613BF54} = {8D074988-C253-4685-98D8-7996403C20F1}
		{172A36F1-6C62-4AA5-B14B-D47A96B09F03} = {8D074988-C253-4685-98D8-7996403C20F1}
		{8F6381E2-B065-4063-8748-1DA44C2BC8C0} = {8D074988-C253-4685-98D8-7996403C20F1}
		{E2855058-70DB-49FF-8E77-8214300421D7} = {8D074988-C253-4685-98D8-7996403C20F1}
		{303CB5A6-084D-4B37-B105-4E90F661362D} = {8D074988-C253-4685-98D8-7996403C20F1}
		{DEC6591C-847C-430E-BB16-86F6FFDC6565} = {8D074988-C253-4685-98D8-7996403C20F1}
		{28D85706-AF54-47DD-98A9-A6B3597DDB98} = {F8B4BEC0-608D-4C99-BFB8-AB640D83BAD0}
		{B9A50027-6DE2-44DF-A5AD-D17BE117B11F} = {8D074988-C253-4685-98D8-7996403C20F1}
		{118F9FFC-CFC5-40AC-9219-2E3321189ECE} = {F8B4BEC0-608D-4C99-BFB8-AB640D83BAD0}
		{C52AE845-A90A-4539-9DE1-1C8DECC4BEB3} = {F8B4BEC0-608D-4C99-BFB8-AB640D83BAD0}
		{535C23B3-15CD-4AD4-A969-3DC064F3BC96} = {F8B4BEC0-608D-4C99-BFB8-AB640D83BAD0}
		{BFFD35B7-6690-4403-854F-FB9649526E47} = {8D074988-C253-4685-98D8-7996403C20F1}
		{2295FEDA-65EE-4DEB-B0C3-B718B54C872D} = {8D074988-C253-4685-98D8-7996403C20F1}
	EndGlobalSection
	GlobalSection(ExtensibilityGlobals) = postSolution
		SolutionGuid = {EA80C294-1A14-4DD4-9850-3EB435A70912}
	EndGlobalSection
EndGlobal
